<?xml version="1.0" encoding="utf-8"?>
<Project ToolsVersion="4.0" xmlns="http://schemas.microsoft.com/developer/msbuild/2003">
  <ItemGroup>
    <FxCompile Include="NervaLib\fullscreen_quad_ps.hlsl" />
    <FxCompile Include="NervaLib\fullscreen_quad_vs.hlsl" />
    <FxCompile Include="NervaLib\lambert_vs.hlsl" />
    <FxCompile Include="NervaLib\lambert_ps.hlsl" />
    <FxCompile Include="NervaLib\sprite_ps.hlsl" />
    <FxCompile Include="NervaLib\sprite_vs.hlsl" />
    <FxCompile Include="NervaLib\static_mesh_ps.hlsl" />
    <FxCompile Include="NervaLib\static_mesh_vs.hlsl" />
  </ItemGroup>
  <ItemGroup>
    <ClCompile Include="External\ImGui\imgui.cpp" />
    <ClCompile Include="External\ImGui\imgui_draw.cpp" />
    <ClCompile Include="External\ImGui\imgui_impl_dx11.cpp" />
    <ClCompile Include="External\ImGui\imgui_impl_win32.cpp" />
    <ClCompile Include="External\ImGui\imgui_ja_gryph_ranges.cpp" />
    <ClCompile Include="External\ImGui\imgui_widgets.cpp" />
    <ClCompile Include="NervaLib\frame_buffer.cpp" />
    <ClCompile Include="NervaLib\fullscreen_quad.cpp" />
    <ClCompile Include="NervaLib\key_input.cpp" />
    <ClCompile Include="NervaLib\model.cpp" />
    <ClCompile Include="NervaLib\model_resource.cpp" />
    <ClCompile Include="NervaLib\render_state.cpp" />
    <ClCompile Include="NervaLib\shader.cpp" />
    <ClCompile Include="NervaLib\sprite.cpp" />
    <ClCompile Include="NervaLib\static_mesh.cpp" />
    <ClCompile Include="NervaLib\texture.cpp" />
    <ClCompile Include="Sources\camera.cpp" />
    <ClCompile Include="Sources\component.cpp" />
    <ClCompile Include="Sources\judge.cpp" />
    <ClCompile Include="Sources\model_object.cpp" />
    <ClCompile Include="Sources\model_renderer.cpp" />
    <ClCompile Include="Sources\framework.cpp" />
    <ClCompile Include="Sources\game_scene.cpp" />
    <ClCompile Include="Sources\movement_camera.cpp" />
    <ClCompile Include="Sources\player_object.cpp" />
    <ClCompile Include="Sources\scene.cpp" />
    <ClCompile Include="Sources\main.cpp" />
    <ClCompile Include="Sources\Sound.cpp" />
    <ClCompile Include="Sources\debug_scene.cpp" />
    <ClCompile Include="Sources\static_object.cpp" />
    <ClCompile Include="Sources\collision.cpp" />
    <ClCompile Include="Sources\boss_object.cpp" />
    <ClCompile Include="Sources\TPCamera.cpp" />
    <ClCompile Include="Sources\Title.cpp" />
  </ItemGroup>
  <ItemGroup>
    <ClInclude Include="External\ImGui\imconfig.h" />
    <ClInclude Include="External\ImGui\imgui.h" />
    <ClInclude Include="External\ImGui\imgui_impl_dx11.h" />
    <ClInclude Include="External\ImGui\imgui_impl_win32.h" />
    <ClInclude Include="External\ImGui\imgui_internal.h" />
    <ClInclude Include="External\ImGui\imstb_rectpack.h" />
    <ClInclude Include="External\ImGui\imstb_textedit.h" />
    <ClInclude Include="External\ImGui\imstb_truetype.h" />
    <ClInclude Include="NervaLib\frame_buffer.h" />
    <ClInclude Include="NervaLib\fullscreen_quad.h" />
    <ClInclude Include="NervaLib\high_resolution_timer.h" />
    <ClInclude Include="NervaLib\key_input.h" />
    <ClInclude Include="NervaLib\misc.h" />
    <ClInclude Include="NervaLib\model.h" />
    <ClInclude Include="NervaLib\model_resource.h" />
    <ClInclude Include="NervaLib\render_state.h" />
    <ClInclude Include="NervaLib\shader.h" />
    <ClInclude Include="NervaLib\sprite.h" />
    <ClInclude Include="NervaLib\static_mesh.h" />
    <ClInclude Include="NervaLib\texture.h" />
    <ClInclude Include="Sources\camera.h" />
    <ClInclude Include="Sources\judge.h" />
    <ClInclude Include="Sources\model_renderer.h" />
    <ClInclude Include="Sources\model_object.h" />
    <ClInclude Include="Sources\framework.h" />
    <ClInclude Include="Sources\game_scene.h" />
    <ClInclude Include="Sources\imgui.h" />
    <ClInclude Include="Sources\player_object.h" />
    <ClInclude Include="Sources\scene.h" />
    <ClInclude Include="Sources\component.h" />
    <ClInclude Include="Sources\movement_camera.h" />
    <ClInclude Include="Sources\Sound.h" />
    <ClInclude Include="Sources\debug_scene.h" />
    <ClInclude Include="Sources\static_object.h" />
    <ClInclude Include="Sources\collision.h" />
    <ClInclude Include="Sources\boss_object.h" />
    <ClInclude Include="Sources\TPCamera.h" />
    <ClInclude Include="Sources\Title.h" />
  </ItemGroup>
  <ItemGroup>
    <None Include="NervaLib\fullscreen_quad.hlsli" />
    <None Include="NervaLib\lambert.hlsli" />
    <None Include="NervaLib\static_mesh.hlsli" />
  </ItemGroup>
</Project>